
Microsoft Visual Studio Solution File, Format Version 12.00
# Visual Studio Version 17
VisualStudioVersion = 17.2.32505.173
MinimumVisualStudioVersion = 10.0.40219.1
Project("{FAE04EC0-301F-11D3-BF4B-00C04F79EFBC}") = "Ejercicio4", "Ejercicio4.csproj", "{4DADC624-6FC6-4311-861B-232BC96DC3DB}"
EndProject
Global
	GlobalSection(SolutionConfigurationPlatforms) = preSolution
		Debug|Any CPU = Debug|Any CPU
		Release|Any CPU = Release|Any CPU
	EndGlobalSection
	GlobalSection(ProjectConfigurationPlatforms) = postSolution
		{4DADC624-6FC6-4311-861B-232BC96DC3DB}.Debug|Any CPU.ActiveCfg = Debug|Any CPU
		{4DADC624-6FC6-4311-861B-232BC96DC3DB}.Debug|Any CPU.Build.0 = Debug|Any CPU
		{4DADC624-6FC6-4311-861B-232BC96DC3DB}.Release|Any CPU.ActiveCfg = Release|Any CPU
		{4DADC624-6FC6-4311-861B-232BC96DC3DB}.Release|Any CPU.Build.0 = Release|Any CPU
	EndGlobalSection
	GlobalSection(SolutionProperties) = preSolution
		HideSolutionNode = FALSE
	EndGlobalSection
	GlobalSection(ExtensibilityGlobals) = postSolution
		SolutionGuid = {AFA50F73-3280-4C09-AE58-C9521A026475}
	EndGlobalSection
EndGlobal
