
Microsoft Visual Studio Solution File, Format Version 12.00
# Visual Studio Version 17
VisualStudioVersion = 17.2.32505.173
MinimumVisualStudioVersion = 10.0.40219.1
Project("{FAE04EC0-301F-11D3-BF4B-00C04F79EFBC}") = "ejercicio10", "ejercicio10.csproj", "{D0CAD030-9F09-4C5C-AF02-37743B5DD2B6}"
EndProject
Global
	GlobalSection(SolutionConfigurationPlatforms) = preSolution
		Debug|Any CPU = Debug|Any CPU
		Release|Any CPU = Release|Any CPU
	EndGlobalSection
	GlobalSection(ProjectConfigurationPlatforms) = postSolution
		{D0CAD030-9F09-4C5C-AF02-37743B5DD2B6}.Debug|Any CPU.ActiveCfg = Debug|Any CPU
		{D0CAD030-9F09-4C5C-AF02-37743B5DD2B6}.Debug|Any CPU.Build.0 = Debug|Any CPU
		{D0CAD030-9F09-4C5C-AF02-37743B5DD2B6}.Release|Any CPU.ActiveCfg = Release|Any CPU
		{D0CAD030-9F09-4C5C-AF02-37743B5DD2B6}.Release|Any CPU.Build.0 = Release|Any CPU
	EndGlobalSection
	GlobalSection(SolutionProperties) = preSolution
		HideSolutionNode = FALSE
	EndGlobalSection
	GlobalSection(ExtensibilityGlobals) = postSolution
		SolutionGuid = {7B033584-A302-4657-B3FA-29600FF85FFC}
	EndGlobalSection
EndGlobal
